
Microsoft Visual Studio Solution File, Format Version 12.00
# Visual Studio Version 17
VisualStudioVersion = 17.6.33829.357
MinimumVisualStudioVersion = 10.0.40219.1
Project("{9A19103F-16F7-4668-BE54-9A1E7A4F7556}") = "Integration", "Integration\Integration.csproj", "{C1AD3CE9-6554-4F86-8896-8E51E5DA7C8A}"
EndProject
Project("{FAE04EC0-301F-11D3-BF4B-00C04F79EFBC}") = "WinFormsIntegrationTest", "WinFormsIntegrationTest\WinFormsIntegrationTest.csproj", "{1AEA2983-B34B-4E28-9BBE-AE75E2CA57DC}"
EndProject
Global
	GlobalSection(SolutionConfigurationPlatforms) = preSolution
		Debug|Any CPU = Debug|Any CPU
		Release|Any CPU = Release|Any CPU
	EndGlobalSection
	GlobalSection(ProjectConfigurationPlatforms) = postSolution
		{C1AD3CE9-6554-4F86-8896-8E51E5DA7C8A}.Debug|Any CPU.ActiveCfg = Debug|Any CPU
		{C1AD3CE9-6554-4F86-8896-8E51E5DA7C8A}.Debug|Any CPU.Build.0 = Debug|Any CPU
		{C1AD3CE9-6554-4F86-8896-8E51E5DA7C8A}.Release|Any CPU.ActiveCfg = Release|Any CPU
		{C1AD3CE9-6554-4F86-8896-8E51E5DA7C8A}.Release|Any CPU.Build.0 = Release|Any CPU
		{1AEA2983-B34B-4E28-9BBE-AE75E2CA57DC}.Debug|Any CPU.ActiveCfg = Debug|Any CPU
		{1AEA2983-B34B-4E28-9BBE-AE75E2CA57DC}.Debug|Any CPU.Build.0 = Debug|Any CPU
		{1AEA2983-B34B-4E28-9BBE-AE75E2CA57DC}.Release|Any CPU.ActiveCfg = Release|Any CPU
		{1AEA2983-B34B-4E28-9BBE-AE75E2CA57DC}.Release|Any CPU.Build.0 = Release|Any CPU
	EndGlobalSection
	GlobalSection(SolutionProperties) = preSolution
		HideSolutionNode = FALSE
	EndGlobalSection
	GlobalSection(ExtensibilityGlobals) = postSolution
		SolutionGuid = {EB5DCE8D-8DB2-45A2-8CF1-6DCF287AD2C0}
	EndGlobalSection
EndGlobal
